
Microsoft Visual Studio Solution File, Format Version 12.00
# Visual Studio 15
VisualStudioVersion = 15.0.27428.2005
MinimumVisualStudioVersion = 10.0.40219.1
Project("{FAE04EC0-301F-11D3-BF4B-00C04F79EFBC}") = "MyLib.Data.Common", "MyLib.Data.Common\MyLib.Data.Common.csproj", "{B687B713-2732-445C-99A9-1B14E67BCB60}"
EndProject
Project("{FAE04EC0-301F-11D3-BF4B-00C04F79EFBC}") = "MyLib.Data", "MyLib.Data\MyLib.Data.csproj", "{9D381DFA-E236-432C-8701-7DEAFA952AA3}"
EndProject
Project("{FAE04EC0-301F-11D3-BF4B-00C04F79EFBC}") = "MyLib.Data.Entity", "MyLib.Data.Entity\MyLib.Data.Entity.csproj", "{2E1E1A91-D9EE-4B2B-AF58-23058F600222}"
EndProject
Project("{FAE04EC0-301F-11D3-BF4B-00C04F79EFBC}") = "MyLib.Data.PostgreSql", "MyLib.Data.PostgreSql\MyLib.Data.PostgreSql.csproj", "{A3562764-DCEC-443B-9A5D-FF2C7B27EF89}"
EndProject
Project("{FAE04EC0-301F-11D3-BF4B-00C04F79EFBC}") = "MyLib.Data.SqlServer", "MyLib.Data.SqlServer\MyLib.Data.SqlServer.csproj", "{D808E5C7-E141-4316-B7DB-08F49B308374}"
EndProject
Project("{FAE04EC0-301F-11D3-BF4B-00C04F79EFBC}") = "Demo.Console", "Demo.Console\Demo.Console.csproj", "{E4BE1EE7-1E3A-4C08-BB3A-03ED8403EF0F}"
EndProject
Global
	GlobalSection(SolutionConfigurationPlatforms) = preSolution
		Debug|Any CPU = Debug|Any CPU
		Release|Any CPU = Release|Any CPU
	EndGlobalSection
	GlobalSection(ProjectConfigurationPlatforms) = postSolution
		{B687B713-2732-445C-99A9-1B14E67BCB60}.Debug|Any CPU.ActiveCfg = Debug|Any CPU
		{B687B713-2732-445C-99A9-1B14E67BCB60}.Debug|Any CPU.Build.0 = Debug|Any CPU
		{B687B713-2732-445C-99A9-1B14E67BCB60}.Release|Any CPU.ActiveCfg = Release|Any CPU
		{B687B713-2732-445C-99A9-1B14E67BCB60}.Release|Any CPU.Build.0 = Release|Any CPU
		{9D381DFA-E236-432C-8701-7DEAFA952AA3}.Debug|Any CPU.ActiveCfg = Debug|Any CPU
		{9D381DFA-E236-432C-8701-7DEAFA952AA3}.Debug|Any CPU.Build.0 = Debug|Any CPU
		{9D381DFA-E236-432C-8701-7DEAFA952AA3}.Release|Any CPU.ActiveCfg = Release|Any CPU
		{9D381DFA-E236-432C-8701-7DEAFA952AA3}.Release|Any CPU.Build.0 = Release|Any CPU
		{2E1E1A91-D9EE-4B2B-AF58-23058F600222}.Debug|Any CPU.ActiveCfg = Debug|Any CPU
		{2E1E1A91-D9EE-4B2B-AF58-23058F600222}.Debug|Any CPU.Build.0 = Debug|Any CPU
		{2E1E1A91-D9EE-4B2B-AF58-23058F600222}.Release|Any CPU.ActiveCfg = Release|Any CPU
		{2E1E1A91-D9EE-4B2B-AF58-23058F600222}.Release|Any CPU.Build.0 = Release|Any CPU
		{A3562764-DCEC-443B-9A5D-FF2C7B27EF89}.Debug|Any CPU.ActiveCfg = Debug|Any CPU
		{A3562764-DCEC-443B-9A5D-FF2C7B27EF89}.Debug|Any CPU.Build.0 = Debug|Any CPU
		{A3562764-DCEC-443B-9A5D-FF2C7B27EF89}.Release|Any CPU.ActiveCfg = Release|Any CPU
		{A3562764-DCEC-443B-9A5D-FF2C7B27EF89}.Release|Any CPU.Build.0 = Release|Any CPU
		{D808E5C7-E141-4316-B7DB-08F49B308374}.Debug|Any CPU.ActiveCfg = Debug|Any CPU
		{D808E5C7-E141-4316-B7DB-08F49B308374}.Debug|Any CPU.Build.0 = Debug|Any CPU
		{D808E5C7-E141-4316-B7DB-08F49B308374}.Release|Any CPU.ActiveCfg = Release|Any CPU
		{D808E5C7-E141-4316-B7DB-08F49B308374}.Release|Any CPU.Build.0 = Release|Any CPU
		{E4BE1EE7-1E3A-4C08-BB3A-03ED8403EF0F}.Debug|Any CPU.ActiveCfg = Debug|Any CPU
		{E4BE1EE7-1E3A-4C08-BB3A-03ED8403EF0F}.Debug|Any CPU.Build.0 = Debug|Any CPU
		{E4BE1EE7-1E3A-4C08-BB3A-03ED8403EF0F}.Release|Any CPU.ActiveCfg = Release|Any CPU
		{E4BE1EE7-1E3A-4C08-BB3A-03ED8403EF0F}.Release|Any CPU.Build.0 = Release|Any CPU
	EndGlobalSection
	GlobalSection(SolutionProperties) = preSolution
		HideSolutionNode = FALSE
	EndGlobalSection
	GlobalSection(ExtensibilityGlobals) = postSolution
		SolutionGuid = {C3FE47BE-2B56-4B5A-8144-B69F0AABDC5D}
	EndGlobalSection
EndGlobal
